
Microsoft Visual Studio Solution File, Format Version 12.00
# Visual Studio Version 17
VisualStudioVersion = 17.13.35825.156 d17.13
MinimumVisualStudioVersion = 10.0.40219.1
Project("{FAE04EC0-301F-11D3-BF4B-00C04F79EFBC}") = "Client", "Client\Client.csproj", "{9771638E-A682-4178-B9F9-449233AE899D}"
EndProject
Global
	GlobalSection(SolutionConfigurationPlatforms) = preSolution
		Debug|Any CPU = Debug|Any CPU
		Release|Any CPU = Release|Any CPU
	EndGlobalSection
	GlobalSection(ProjectConfigurationPlatforms) = postSolution
		{9771638E-A682-4178-B9F9-449233AE899D}.Debug|Any CPU.ActiveCfg = Debug|Any CPU
		{9771638E-A682-4178-B9F9-449233AE899D}.Debug|Any CPU.Build.0 = Debug|Any CPU
		{9771638E-A682-4178-B9F9-449233AE899D}.Release|Any CPU.ActiveCfg = Release|Any CPU
		{9771638E-A682-4178-B9F9-449233AE899D}.Release|Any CPU.Build.0 = Release|Any CPU
	EndGlobalSection
	GlobalSection(SolutionProperties) = preSolution
		HideSolutionNode = FALSE
	EndGlobalSection
	GlobalSection(ExtensibilityGlobals) = postSolution
		SolutionGuid = {51424181-255D-43F6-9DDB-0E6DE995E8AD}
	EndGlobalSection
EndGlobal
